schema: '2.0'
stages:
  extract:
    cmd: tar -xvzf data/images.tar.gz --directory data
    deps:
    - path: data/images.tar.gz
      md5: 3c8f026df7c3973bcec8e9f945026eb2
      size: 34312619
    outs:
    - path: data/images/
      md5: 0ebacd64e04c0e4a97d8fa48a4d707e6.dir
      size: 35401667
      nfiles: 70000
  train:
    cmd: python3 src/train.py
    deps:
    - path: data/images/
      md5: 0ebacd64e04c0e4a97d8fa48a4d707e6.dir
      size: 35401667
      nfiles: 70000
    - path: src/train.py
      md5: 905f9fdc90781e63c6b01035984399cc
      size: 3463
    params:
      params.yaml:
        model.conv_units: 16
        train.epochs: 10
    outs:
    - path: logs.csv
      md5: ad37d6fd2fdeaec02e035dafde130d32
      size: 864
    - path: metrics.json
      md5: 24c5d38a6dca30103ff6d2f822c602a9
      size: 55
    - path: models/model.h5
      md5: 55ec7a80d9958963c608b2213622fea9
      size: 8363240
